
Microsoft Visual Studio Solution File, Format Version 12.00
# Visual Studio 14
VisualStudioVersion = 14.0.24720.0
MinimumVisualStudioVersion = 10.0.40219.1
Project("{FAE04EC0-301F-11D3-BF4B-00C04F79EFBC}") = "SevenWonders.UnitTest", "SevenWonders.UnitTest\SevenWonders.UnitTest.csproj", "{64118C23-3739-4FC2-91D6-00BD6AA954E6}"
EndProject
Project("{FAE04EC0-301F-11D3-BF4B-00C04F79EFBC}") = "SevenWonders", "SevenWonders\SevenWonders.csproj", "{A56CB4AD-D1EB-4042-9EE2-BEE6D6B151B7}"
EndProject
Project("{FAE04EC0-301F-11D3-BF4B-00C04F79EFBC}") = "ConsolePlay", "ConsolePlay\ConsolePlay.csproj", "{20A3EE2E-B10D-42EF-8B50-942D47B98063}"
EndProject
Global
	GlobalSection(SolutionConfigurationPlatforms) = preSolution
		Debug|Any CPU = Debug|Any CPU
		Release|Any CPU = Release|Any CPU
	EndGlobalSection
	GlobalSection(ProjectConfigurationPlatforms) = postSolution
		{64118C23-3739-4FC2-91D6-00BD6AA954E6}.Debug|Any CPU.ActiveCfg = Debug|Any CPU
		{64118C23-3739-4FC2-91D6-00BD6AA954E6}.Debug|Any CPU.Build.0 = Debug|Any CPU
		{64118C23-3739-4FC2-91D6-00BD6AA954E6}.Release|Any CPU.ActiveCfg = Release|Any CPU
		{64118C23-3739-4FC2-91D6-00BD6AA954E6}.Release|Any CPU.Build.0 = Release|Any CPU
		{A56CB4AD-D1EB-4042-9EE2-BEE6D6B151B7}.Debug|Any CPU.ActiveCfg = Debug|Any CPU
		{A56CB4AD-D1EB-4042-9EE2-BEE6D6B151B7}.Debug|Any CPU.Build.0 = Debug|Any CPU
		{A56CB4AD-D1EB-4042-9EE2-BEE6D6B151B7}.Release|Any CPU.ActiveCfg = Release|Any CPU
		{A56CB4AD-D1EB-4042-9EE2-BEE6D6B151B7}.Release|Any CPU.Build.0 = Release|Any CPU
		{20A3EE2E-B10D-42EF-8B50-942D47B98063}.Debug|Any CPU.ActiveCfg = Debug|Any CPU
		{20A3EE2E-B10D-42EF-8B50-942D47B98063}.Debug|Any CPU.Build.0 = Debug|Any CPU
		{20A3EE2E-B10D-42EF-8B50-942D47B98063}.Release|Any CPU.ActiveCfg = Release|Any CPU
		{20A3EE2E-B10D-42EF-8B50-942D47B98063}.Release|Any CPU.Build.0 = Release|Any CPU
	EndGlobalSection
	GlobalSection(SolutionProperties) = preSolution
		HideSolutionNode = FALSE
	EndGlobalSection
	GlobalSection(TeamFoundationVersionControl) = preSolution
		SccNumberOfProjects = 4
		SccEnterpriseProvider = {4CA58AB2-18FA-4F8D-95D4-32DDF27D184C}
		SccTeamFoundationServer = https://makeanote.visualstudio.com/defaultcollection
		SccLocalPath0 = .
		SccProjectUniqueName1 = SevenWonders.UnitTest\\SevenWonders.UnitTest.csproj
		SccProjectName1 = SevenWonders.UnitTest
		SccLocalPath1 = SevenWonders.UnitTest
		SccProjectUniqueName2 = SevenWonders\\SevenWonders.csproj
		SccProjectName2 = SevenWonders
		SccLocalPath2 = SevenWonders
		SccProjectUniqueName3 = ConsolePlay\\ConsolePlay.csproj
		SccProjectName3 = ConsolePlay
		SccLocalPath3 = ConsolePlay
	EndGlobalSection
EndGlobal
